Microsoft Visual Studio Solution File, Format Version 12.00
# Visual Studio Version 17
VisualStudioVersion = 17.8.34316.72
MinimumVisualStudioVersion = 10.0.40219.1
Project("{2150E333-8FDC-42A3-9474-1A3956D46DE8}") = "KSoft.BCL", "KSoft.BCL", "{29A6065E-B7E7-43B1-BC6D-102F17ED9643}"
EndProject
Project("{9A19103F-16F7-4668-BE54-9A1E7A4F7556}") = "KSoft.T4", "KSoft\KSoft.T4\KSoft.T4.csproj", "{17AB134C-9C71-4CCF-84D9-D90F6DD58A0A}"
EndProject
Project("{9A19103F-16F7-4668-BE54-9A1E7A4F7556}") = "KSoft", "KSoft\KSoft\KSoft.csproj", "{EB07F515-E27C-4768-8BD8-2829F657807E}"
	ProjectSection(ProjectDependencies) = postProject
		{17AB134C-9C71-4CCF-84D9-D90F6DD58A0A} = {17AB134C-9C71-4CCF-84D9-D90F6DD58A0A}
	EndProjectSection
EndProject
Project("{9A19103F-16F7-4668-BE54-9A1E7A4F7556}") = "KSoft.Compression", "KSoft\KSoft.Compression\KSoft.Compression.csproj", "{0B27603C-CEB1-4A3A-B56F-CBC14B8C06E7}"
EndProject
Project("{9A19103F-16F7-4668-BE54-9A1E7A4F7556}") = "KSoft.IO.TagElementStreams", "KSoft\KSoft.IO.TagElementStreams\KSoft.IO.TagElementStreams.csproj", "{18F32228-8351-4F99-992F-78E9D1CE83D9}"
EndProject
Project("{9A19103F-16F7-4668-BE54-9A1E7A4F7556}") = "KSoft.Math", "KSoft\KSoft.Math\KSoft.Math.csproj", "{423F13FC-DA0C-4C82-B75E-60A1BFEA7BB6}"
EndProject
Project("{9A19103F-16F7-4668-BE54-9A1E7A4F7556}") = "KSoft.Security", "KSoft\KSoft.Security\KSoft.Security.csproj", "{0632A00B-DE9E-4350-A3F8-3A82F9C780AF}"
EndProject
Project("{9A19103F-16F7-4668-BE54-9A1E7A4F7556}") = "KSoft.WPF", "KSoft\KSoft.WPF\KSoft.WPF.csproj", "{8BC67689-8BAA-480E-B2C1-03590AB79259}"
EndProject
Project("{9A19103F-16F7-4668-BE54-9A1E7A4F7556}") = "Test.KSoft.BCL", "KSoft\Test.KSoft.BCL\Test.KSoft.BCL.csproj", "{90C78A94-73EC-46FA-8F1A-F744764D5E65}"
EndProject
Project("{9A19103F-16F7-4668-BE54-9A1E7A4F7556}") = "Bench.KSoft.BCL", "KSoft\Bench.KSoft.BCL\Bench.KSoft.BCL.csproj", "{E4CA506E-D708-45B6-8642-5ECA34F8E291}"
EndProject
Project("{9A19103F-16F7-4668-BE54-9A1E7A4F7556}") = "KSoft.SourceGeneration", "KSoft\KSoft.SourceGeneration\KSoft.SourceGeneration.csproj", "{C0C54921-1ABA-49E1-98CD-984CEA49F4B0}"
EndProject
Project("{9A19103F-16F7-4668-BE54-9A1E7A4F7556}") = "Test.KSoft.SourceGeneration", "KSoft\Test.KSoft.SourceGeneration\Test.KSoft.SourceGeneration.csproj", "{09B50329-555A-48A7-B7FA-3C17E6664BD9}"
EndProject
Project("{2150E333-8FDC-42A3-9474-1A3956D46DE8}") = "Games", "Games", "{4F90708D-4F88-4F56-BC04-9C848CED1C9A}"
EndProject
Project("{9A19103F-16F7-4668-BE54-9A1E7A4F7556}") = "KSoft.Wwise", "Games\Wwise\KSoft.Wwise\KSoft.Wwise.csproj", "{BDDEC955-6D39-4058-92E5-F1BF170F860F}"
EndProject
Project("{2150E333-8FDC-42A3-9474-1A3956D46DE8}") = "Blam", "Blam", "{7C623844-4ACB-4FE9-912C-9F1207FDAB04}"
EndProject
Project("{9A19103F-16F7-4668-BE54-9A1E7A4F7556}") = "KSoft.Blam", "Games\Blam\KSoft.Blam\KSoft.Blam.csproj", "{74372FF0-FCDA-405B-8DA3-E4BFBA051D27}"
EndProject
Project("{9A19103F-16F7-4668-BE54-9A1E7A4F7556}") = "Test.KSoft.Blam", "Games\Blam\Test.KSoft.Blam\Test.KSoft.Blam.csproj", "{F67199ED-1C68-4138-BA8C-388DFC3EBFAF}"
EndProject
Project("{9A19103F-16F7-4668-BE54-9A1E7A4F7556}") = "BlamTool", "Games\Blam\BlamTool\BlamTool.csproj", "{E654AA6C-4FCC-4828-9939-8B4A7D615361}"
EndProject
Project("{9A19103F-16F7-4668-BE54-9A1E7A4F7556}") = "MegHalomaniac", "Games\Blam\MegHalomaniac\MegHalomaniac.csproj", "{B29E9B7F-14B3-4D60-AEFD-E8557E9B9B39}"
EndProject
Project("{2150E333-8FDC-42A3-9474-1A3956D46DE8}") = "Phoenix", "Phoenix", "{2218BEA4-9F80-49EF-8AFD-7CA6B480CF8B}"
EndProject
Project("{9A19103F-16F7-4668-BE54-9A1E7A4F7556}") = "KSoft.Phoenix", "Games\Phoenix\KSoft.Phoenix\KSoft.Phoenix.csproj", "{3FD3A05A-4451-49D1-B38E-B897F3444754}"
EndProject
Project("{9A19103F-16F7-4668-BE54-9A1E7A4F7556}") = "Test.KSoft.Phoenix", "Games\Phoenix\Test.KSoft.Phoenix\Test.KSoft.Phoenix.csproj", "{FAB723AE-4CBF-4858-9D7D-14343F5CBACF}"
EndProject
Project("{9A19103F-16F7-4668-BE54-9A1E7A4F7556}") = "PhxTool", "Games\Phoenix\PhxTool\PhxTool.csproj", "{FF4C18C7-4F54-4FD9-8347-10AC805FD129}"
EndProject
Project("{9A19103F-16F7-4668-BE54-9A1E7A4F7556}") = "PhxGui", "Games\Phoenix\PhxGui\PhxGui.csproj", "{39F76124-673A-4DCE-AEAA-BD571AB38AAB}"
EndProject
Project("{9A19103F-16F7-4668-BE54-9A1E7A4F7556}") = "PhxStudio", "Games\PhxStudio\PhxStudio\PhxStudio.csproj", "{C643B043-00A2-4D8D-8F78-7E57E194B2E6}"
EndProject
Project("{2150E333-8FDC-42A3-9474-1A3956D46DE8}") = "Solution Items", "Solution Items", "{6AA558A3-A237-4DCA-86BD-B6497439D60C}"
	ProjectSection(SolutionItems) = preProject
		.editorconfig = .editorconfig
		.gitignore = .gitignore
		Directory.Build.props = Directory.Build.props
		LICENSE.txt = LICENSE.txt
		README.md = README.md
	EndProjectSection
EndProject
Project("{2150E333-8FDC-42A3-9474-1A3956D46DE8}") = "shared", "shared", "{02EA681E-C7D8-13C7-8484-4AC65E1B71E8}"
EndProject
Project("{2150E333-8FDC-42A3-9474-1A3956D46DE8}") = "config", "config", "{9E5018EC-A27E-4A1C-AC23-FEF0CBCF7EEA}"
EndProject
Project("{2150E333-8FDC-42A3-9474-1A3956D46DE8}") = "msbuild", "msbuild", "{908F2E43-78FC-4F32-BC9E-221A6D56CC63}"
	ProjectSection(SolutionItems) = preProject
		KSoft\shared\config\msbuild\VitaBuild.targets = KSoft\shared\config\msbuild\VitaBuild.targets
		KSoft\shared\config\msbuild\VitaCommon.Cpp.props = KSoft\shared\config\msbuild\VitaCommon.Cpp.props
		KSoft\shared\config\msbuild\VitaCommon.Cs.props = KSoft\shared\config\msbuild\VitaCommon.Cs.props
		KSoft\shared\config\msbuild\VitaCommon.props = KSoft\shared\config\msbuild\VitaCommon.props
		KSoft\shared\config\msbuild\VitaCommonConfig.props = KSoft\shared\config\msbuild\VitaCommonConfig.props
		KSoft\shared\config\msbuild\VitaUserConfigDefaults.props = KSoft\shared\config\msbuild\VitaUserConfigDefaults.props
	EndProjectSection
EndProject
Project("{2150E333-8FDC-42A3-9474-1A3956D46DE8}") = "workflows", "workflows", "{C1ADA060-8FDA-4818-AAE3-643CB2D4B7FD}"
	ProjectSection(SolutionItems) = preProject
		.github\workflows\continuous_integration.yml = .github\workflows\continuous_integration.yml
	EndProjectSection
EndProject
Global
	GlobalSection(SolutionConfigurationPlatforms) = preSolution
		Debug|AnyCPU = Debug|AnyCPU
		Release|AnyCPU = Release|AnyCPU
	EndGlobalSection
	GlobalSection(ProjectConfigurationPlatforms) = postSolution
		{17AB134C-9C71-4CCF-84D9-D90F6DD58A0A}.Debug|AnyCPU.ActiveCfg = Debug|AnyCPU
		{17AB134C-9C71-4CCF-84D9-D90F6DD58A0A}.Debug|AnyCPU.Build.0 = Debug|AnyCPU
		{17AB134C-9C71-4CCF-84D9-D90F6DD58A0A}.Release|AnyCPU.ActiveCfg = Release|AnyCPU
		{17AB134C-9C71-4CCF-84D9-D90F6DD58A0A}.Release|AnyCPU.Build.0 = Release|AnyCPU
		{EB07F515-E27C-4768-8BD8-2829F657807E}.Debug|AnyCPU.ActiveCfg = Debug|AnyCPU
		{EB07F515-E27C-4768-8BD8-2829F657807E}.Debug|AnyCPU.Build.0 = Debug|AnyCPU
		{EB07F515-E27C-4768-8BD8-2829F657807E}.Release|AnyCPU.ActiveCfg = Release|AnyCPU
		{EB07F515-E27C-4768-8BD8-2829F657807E}.Release|AnyCPU.Build.0 = Release|AnyCPU
		{0B27603C-CEB1-4A3A-B56F-CBC14B8C06E7}.Debug|AnyCPU.ActiveCfg = Debug|AnyCPU
		{0B27603C-CEB1-4A3A-B56F-CBC14B8C06E7}.Debug|AnyCPU.Build.0 = Debug|AnyCPU
		{0B27603C-CEB1-4A3A-B56F-CBC14B8C06E7}.Release|AnyCPU.ActiveCfg = Release|AnyCPU
		{0B27603C-CEB1-4A3A-B56F-CBC14B8C06E7}.Release|AnyCPU.Build.0 = Release|AnyCPU
		{18F32228-8351-4F99-992F-78E9D1CE83D9}.Debug|AnyCPU.ActiveCfg = Debug|AnyCPU
		{18F32228-8351-4F99-992F-78E9D1CE83D9}.Debug|AnyCPU.Build.0 = Debug|AnyCPU
		{18F32228-8351-4F99-992F-78E9D1CE83D9}.Release|AnyCPU.ActiveCfg = Release|AnyCPU
		{18F32228-8351-4F99-992F-78E9D1CE83D9}.Release|AnyCPU.Build.0 = Release|AnyCPU
		{423F13FC-DA0C-4C82-B75E-60A1BFEA7BB6}.Debug|AnyCPU.ActiveCfg = Debug|AnyCPU
		{423F13FC-DA0C-4C82-B75E-60A1BFEA7BB6}.Debug|AnyCPU.Build.0 = Debug|AnyCPU
		{423F13FC-DA0C-4C82-B75E-60A1BFEA7BB6}.Release|AnyCPU.ActiveCfg = Release|AnyCPU
		{423F13FC-DA0C-4C82-B75E-60A1BFEA7BB6}.Release|AnyCPU.Build.0 = Release|AnyCPU
		{0632A00B-DE9E-4350-A3F8-3A82F9C780AF}.Debug|AnyCPU.ActiveCfg = Debug|AnyCPU
		{0632A00B-DE9E-4350-A3F8-3A82F9C780AF}.Debug|AnyCPU.Build.0 = Debug|AnyCPU
		{0632A00B-DE9E-4350-A3F8-3A82F9C780AF}.Release|AnyCPU.ActiveCfg = Release|AnyCPU
		{0632A00B-DE9E-4350-A3F8-3A82F9C780AF}.Release|AnyCPU.Build.0 = Release|AnyCPU
		{8BC67689-8BAA-480E-B2C1-03590AB79259}.Debug|AnyCPU.ActiveCfg = Debug|AnyCPU
		{8BC67689-8BAA-480E-B2C1-03590AB79259}.Debug|AnyCPU.Build.0 = Debug|AnyCPU
		{8BC67689-8BAA-480E-B2C1-03590AB79259}.Release|AnyCPU.ActiveCfg = Release|AnyCPU
		{8BC67689-8BAA-480E-B2C1-03590AB79259}.Release|AnyCPU.Build.0 = Release|AnyCPU
		{90C78A94-73EC-46FA-8F1A-F744764D5E65}.Debug|AnyCPU.ActiveCfg = Debug|AnyCPU
		{90C78A94-73EC-46FA-8F1A-F744764D5E65}.Debug|AnyCPU.Build.0 = Debug|AnyCPU
		{90C78A94-73EC-46FA-8F1A-F744764D5E65}.Release|AnyCPU.ActiveCfg = Release|AnyCPU
		{90C78A94-73EC-46FA-8F1A-F744764D5E65}.Release|AnyCPU.Build.0 = Release|AnyCPU
		{E4CA506E-D708-45B6-8642-5ECA34F8E291}.Debug|AnyCPU.ActiveCfg = Debug|AnyCPU
		{E4CA506E-D708-45B6-8642-5ECA34F8E291}.Debug|AnyCPU.Build.0 = Debug|AnyCPU
		{E4CA506E-D708-45B6-8642-5ECA34F8E291}.Release|AnyCPU.ActiveCfg = Release|AnyCPU
		{E4CA506E-D708-45B6-8642-5ECA34F8E291}.Release|AnyCPU.Build.0 = Release|AnyCPU
		{C0C54921-1ABA-49E1-98CD-984CEA49F4B0}.Debug|AnyCPU.ActiveCfg = Debug|AnyCPU
		{C0C54921-1ABA-49E1-98CD-984CEA49F4B0}.Debug|AnyCPU.Build.0 = Debug|AnyCPU
		{C0C54921-1ABA-49E1-98CD-984CEA49F4B0}.Release|AnyCPU.ActiveCfg = Release|AnyCPU
		{C0C54921-1ABA-49E1-98CD-984CEA49F4B0}.Release|AnyCPU.Build.0 = Release|AnyCPU
		{09B50329-555A-48A7-B7FA-3C17E6664BD9}.Debug|AnyCPU.ActiveCfg = Debug|AnyCPU
		{09B50329-555A-48A7-B7FA-3C17E6664BD9}.Debug|AnyCPU.Build.0 = Debug|AnyCPU
		{09B50329-555A-48A7-B7FA-3C17E6664BD9}.Release|AnyCPU.ActiveCfg = Release|AnyCPU
		{09B50329-555A-48A7-B7FA-3C17E6664BD9}.Release|AnyCPU.Build.0 = Release|AnyCPU
		{BDDEC955-6D39-4058-92E5-F1BF170F860F}.Debug|AnyCPU.ActiveCfg = Debug|AnyCPU
		{BDDEC955-6D39-4058-92E5-F1BF170F860F}.Debug|AnyCPU.Build.0 = Debug|AnyCPU
		{BDDEC955-6D39-4058-92E5-F1BF170F860F}.Release|AnyCPU.ActiveCfg = Release|AnyCPU
		{BDDEC955-6D39-4058-92E5-F1BF170F860F}.Release|AnyCPU.Build.0 = Release|AnyCPU
		{74372FF0-FCDA-405B-8DA3-E4BFBA051D27}.Debug|AnyCPU.ActiveCfg = Debug|AnyCPU
		{74372FF0-FCDA-405B-8DA3-E4BFBA051D27}.Debug|AnyCPU.Build.0 = Debug|AnyCPU
		{74372FF0-FCDA-405B-8DA3-E4BFBA051D27}.Release|AnyCPU.ActiveCfg = Release|AnyCPU
		{74372FF0-FCDA-405B-8DA3-E4BFBA051D27}.Release|AnyCPU.Build.0 = Release|AnyCPU
		{F67199ED-1C68-4138-BA8C-388DFC3EBFAF}.Debug|AnyCPU.ActiveCfg = Debug|AnyCPU
		{F67199ED-1C68-4138-BA8C-388DFC3EBFAF}.Debug|AnyCPU.Build.0 = Debug|AnyCPU
		{F67199ED-1C68-4138-BA8C-388DFC3EBFAF}.Release|AnyCPU.ActiveCfg = Release|AnyCPU
		{F67199ED-1C68-4138-BA8C-388DFC3EBFAF}.Release|AnyCPU.Build.0 = Release|AnyCPU
		{E654AA6C-4FCC-4828-9939-8B4A7D615361}.Debug|AnyCPU.ActiveCfg = Debug|AnyCPU
		{E654AA6C-4FCC-4828-9939-8B4A7D615361}.Debug|AnyCPU.Build.0 = Debug|AnyCPU
		{E654AA6C-4FCC-4828-9939-8B4A7D615361}.Release|AnyCPU.ActiveCfg = Release|AnyCPU
		{E654AA6C-4FCC-4828-9939-8B4A7D615361}.Release|AnyCPU.Build.0 = Release|AnyCPU
		{B29E9B7F-14B3-4D60-AEFD-E8557E9B9B39}.Debug|AnyCPU.ActiveCfg = Debug|AnyCPU
		{B29E9B7F-14B3-4D60-AEFD-E8557E9B9B39}.Debug|AnyCPU.Build.0 = Debug|AnyCPU
		{B29E9B7F-14B3-4D60-AEFD-E8557E9B9B39}.Release|AnyCPU.ActiveCfg = Release|AnyCPU
		{B29E9B7F-14B3-4D60-AEFD-E8557E9B9B39}.Release|AnyCPU.Build.0 = Release|AnyCPU
		{3FD3A05A-4451-49D1-B38E-B897F3444754}.Debug|AnyCPU.ActiveCfg = Debug|AnyCPU
		{3FD3A05A-4451-49D1-B38E-B897F3444754}.Debug|AnyCPU.Build.0 = Debug|AnyCPU
		{3FD3A05A-4451-49D1-B38E-B897F3444754}.Release|AnyCPU.ActiveCfg = Release|AnyCPU
		{3FD3A05A-4451-49D1-B38E-B897F3444754}.Release|AnyCPU.Build.0 = Release|AnyCPU
		{FAB723AE-4CBF-4858-9D7D-14343F5CBACF}.Debug|AnyCPU.ActiveCfg = Debug|AnyCPU
		{FAB723AE-4CBF-4858-9D7D-14343F5CBACF}.Debug|AnyCPU.Build.0 = Debug|AnyCPU
		{FAB723AE-4CBF-4858-9D7D-14343F5CBACF}.Release|AnyCPU.ActiveCfg = Release|AnyCPU
		{FAB723AE-4CBF-4858-9D7D-14343F5CBACF}.Release|AnyCPU.Build.0 = Release|AnyCPU
		{FF4C18C7-4F54-4FD9-8347-10AC805FD129}.Debug|AnyCPU.ActiveCfg = Debug|AnyCPU
		{FF4C18C7-4F54-4FD9-8347-10AC805FD129}.Debug|AnyCPU.Build.0 = Debug|AnyCPU
		{FF4C18C7-4F54-4FD9-8347-10AC805FD129}.Release|AnyCPU.ActiveCfg = Release|AnyCPU
		{FF4C18C7-4F54-4FD9-8347-10AC805FD129}.Release|AnyCPU.Build.0 = Release|AnyCPU
		{39F76124-673A-4DCE-AEAA-BD571AB38AAB}.Debug|AnyCPU.ActiveCfg = Debug|AnyCPU
		{39F76124-673A-4DCE-AEAA-BD571AB38AAB}.Debug|AnyCPU.Build.0 = Debug|AnyCPU
		{39F76124-673A-4DCE-AEAA-BD571AB38AAB}.Release|AnyCPU.ActiveCfg = Release|AnyCPU
		{39F76124-673A-4DCE-AEAA-BD571AB38AAB}.Release|AnyCPU.Build.0 = Release|AnyCPU
		{C643B043-00A2-4D8D-8F78-7E57E194B2E6}.Debug|AnyCPU.ActiveCfg = Debug|AnyCPU
		{C643B043-00A2-4D8D-8F78-7E57E194B2E6}.Debug|AnyCPU.Build.0 = Debug|AnyCPU
		{C643B043-00A2-4D8D-8F78-7E57E194B2E6}.Release|AnyCPU.ActiveCfg = Release|AnyCPU
		{C643B043-00A2-4D8D-8F78-7E57E194B2E6}.Release|AnyCPU.Build.0 = Release|AnyCPU
	EndGlobalSection
	GlobalSection(SolutionProperties) = preSolution
		HideSolutionNode = FALSE
	EndGlobalSection
	GlobalSection(NestedProjects) = preSolution
		{17AB134C-9C71-4CCF-84D9-D90F6DD58A0A} = {29A6065E-B7E7-43B1-BC6D-102F17ED9643}
		{EB07F515-E27C-4768-8BD8-2829F657807E} = {29A6065E-B7E7-43B1-BC6D-102F17ED9643}
		{0B27603C-CEB1-4A3A-B56F-CBC14B8C06E7} = {29A6065E-B7E7-43B1-BC6D-102F17ED9643}
		{18F32228-8351-4F99-992F-78E9D1CE83D9} = {29A6065E-B7E7-43B1-BC6D-102F17ED9643}
		{423F13FC-DA0C-4C82-B75E-60A1BFEA7BB6} = {29A6065E-B7E7-43B1-BC6D-102F17ED9643}
		{0632A00B-DE9E-4350-A3F8-3A82F9C780AF} = {29A6065E-B7E7-43B1-BC6D-102F17ED9643}
		{8BC67689-8BAA-480E-B2C1-03590AB79259} = {29A6065E-B7E7-43B1-BC6D-102F17ED9643}
		{90C78A94-73EC-46FA-8F1A-F744764D5E65} = {29A6065E-B7E7-43B1-BC6D-102F17ED9643}
		{E4CA506E-D708-45B6-8642-5ECA34F8E291} = {29A6065E-B7E7-43B1-BC6D-102F17ED9643}
		{C0C54921-1ABA-49E1-98CD-984CEA49F4B0} = {29A6065E-B7E7-43B1-BC6D-102F17ED9643}
		{09B50329-555A-48A7-B7FA-3C17E6664BD9} = {29A6065E-B7E7-43B1-BC6D-102F17ED9643}
		{BDDEC955-6D39-4058-92E5-F1BF170F860F} = {4F90708D-4F88-4F56-BC04-9C848CED1C9A}
		{7C623844-4ACB-4FE9-912C-9F1207FDAB04} = {4F90708D-4F88-4F56-BC04-9C848CED1C9A}
		{74372FF0-FCDA-405B-8DA3-E4BFBA051D27} = {7C623844-4ACB-4FE9-912C-9F1207FDAB04}
		{F67199ED-1C68-4138-BA8C-388DFC3EBFAF} = {7C623844-4ACB-4FE9-912C-9F1207FDAB04}
		{E654AA6C-4FCC-4828-9939-8B4A7D615361} = {7C623844-4ACB-4FE9-912C-9F1207FDAB04}
		{B29E9B7F-14B3-4D60-AEFD-E8557E9B9B39} = {7C623844-4ACB-4FE9-912C-9F1207FDAB04}
		{2218BEA4-9F80-49EF-8AFD-7CA6B480CF8B} = {4F90708D-4F88-4F56-BC04-9C848CED1C9A}
		{3FD3A05A-4451-49D1-B38E-B897F3444754} = {2218BEA4-9F80-49EF-8AFD-7CA6B480CF8B}
		{FAB723AE-4CBF-4858-9D7D-14343F5CBACF} = {2218BEA4-9F80-49EF-8AFD-7CA6B480CF8B}
		{FF4C18C7-4F54-4FD9-8347-10AC805FD129} = {2218BEA4-9F80-49EF-8AFD-7CA6B480CF8B}
		{39F76124-673A-4DCE-AEAA-BD571AB38AAB} = {2218BEA4-9F80-49EF-8AFD-7CA6B480CF8B}
		{C643B043-00A2-4D8D-8F78-7E57E194B2E6} = {2218BEA4-9F80-49EF-8AFD-7CA6B480CF8B}
		{02EA681E-C7D8-13C7-8484-4AC65E1B71E8} = {29A6065E-B7E7-43B1-BC6D-102F17ED9643}
		{9E5018EC-A27E-4A1C-AC23-FEF0CBCF7EEA} = {02EA681E-C7D8-13C7-8484-4AC65E1B71E8}
		{908F2E43-78FC-4F32-BC9E-221A6D56CC63} = {9E5018EC-A27E-4A1C-AC23-FEF0CBCF7EEA}
		{C1ADA060-8FDA-4818-AAE3-643CB2D4B7FD} = {6AA558A3-A237-4DCA-86BD-B6497439D60C}
	EndGlobalSection
	GlobalSection(ExtensibilityGlobals) = postSolution
		SolutionGuid = {67C0E08D-C895-4661-B8CB-BDA95B1CF420}
	EndGlobalSection
EndGlobal
